
Microsoft Visual Studio Solution File, Format Version 12.00
Project("{2150E333-8FDC-42A3-9474-1A3956D46DE8}") = ".solutionItems", ".solutionItems", "{D31016F9-6F2F-46D3-9F68-52788685D4CE}"
ProjectSection(SolutionItems) = preProject
	README.md = README.md
	NuGet.config = NuGet.config
	Directory.Build.props = Directory.Build.props
	migration.sh = migration.sh
EndProjectSection
EndProject
Project("{2150E333-8FDC-42A3-9474-1A3956D46DE8}") = "src", "src", "{73CDCE53-8C9B-4D33-AE02-BC18C01AE54F}"
EndProject
Project("{2150E333-8FDC-42A3-9474-1A3956D46DE8}") = "test", "test", "{584967D8-F0EF-47B0-B73C-021E594A95AF}"
EndProject
Project("{FAE04EC0-301F-11D3-BF4B-00C04F79EFBC}") = "OpenStore.Omnichannel.Panel", "src\OpenStore.Omnichannel.Panel\OpenStore.Omnichannel.Panel.csproj", "{64D507E4-EEA0-4F01-A7C5-A100407868E9}"
EndProject
Project("{FAE04EC0-301F-11D3-BF4B-00C04F79EFBC}") = "OpenStore.Omnichannel", "src\OpenStore.Omnichannel\OpenStore.Omnichannel.csproj", "{55DAB34A-9241-43DF-9BEA-72502C162BC0}"
EndProject
Project("{FAE04EC0-301F-11D3-BF4B-00C04F79EFBC}") = "OpenStore.Omnichannel.Shared", "src\OpenStore.Omnichannel.Shared\OpenStore.Omnichannel.Shared.csproj", "{6ADEBECB-BC89-46BE-B607-253F4E679FAF}"
EndProject
Project("{FAE04EC0-301F-11D3-BF4B-00C04F79EFBC}") = "OpenStore.Omnichannel.Identity", "src\OpenStore.Omnichannel.Identity\OpenStore.Omnichannel.Identity.csproj", "{B87BA7E8-0778-4FA1-8377-F1BA827A0D43}"
EndProject
Project("{FAE04EC0-301F-11D3-BF4B-00C04F79EFBC}") = "OpenStore.Omnichannel.Infrastructure", "src\OpenStore.Omnichannel.Infrastructure\OpenStore.Omnichannel.Infrastructure.csproj", "{3A08BCD2-5C8F-4971-A2B8-A772D8313B81}"
EndProject
Project("{FAE04EC0-301F-11D3-BF4B-00C04F79EFBC}") = "OpenStore.Omnichannel.Domain", "src\OpenStore.Omnichannel.Domain\OpenStore.Omnichannel.Domain.csproj", "{3436EDFF-C717-46D0-AD5F-10C79A5BE3EA}"
EndProject
Project("{2150E333-8FDC-42A3-9474-1A3956D46DE8}") = "Identity", "Identity", "{AB8B936D-924A-4430-9AA3-9F523D0A1875}"
EndProject
Project("{2150E333-8FDC-42A3-9474-1A3956D46DE8}") = "Shared", "Shared", "{BEFA76BE-3AC8-41AB-9819-C910F1FB9A5A}"
EndProject
Project("{2150E333-8FDC-42A3-9474-1A3956D46DE8}") = "Application", "Application", "{3013B3D8-6676-47BC-8396-276111A475A6}"
EndProject
Project("{FAE04EC0-301F-11D3-BF4B-00C04F79EFBC}") = "OpenStore.Omnichannel.Application", "src\OpenStore.Omnichannel.Application\OpenStore.Omnichannel.Application.csproj", "{4167F2F8-4FEC-4BBF-8890-25DEBF044792}"
EndProject
Project("{FAE04EC0-301F-11D3-BF4B-00C04F79EFBC}") = "OpenSore.Omnichannel.Shared.Tests", "test\OpenSore.Omnichannel.Shared.Tests\OpenSore.Omnichannel.Shared.Tests.csproj", "{DFE913DE-D625-4F15-833A-50D15C52487D}"
EndProject
Project("{FAE04EC0-301F-11D3-BF4B-00C04F79EFBC}") = "OpenStore.Omnichannel.Panel.UIAutomation", "test\OpenStore.Omnichannel.Panel.UIAutomation\OpenStore.Omnichannel.Panel.UIAutomation.csproj", "{44DE1DDB-D77A-4036-852A-7480E01C24A1}"
EndProject
Project("{2150E333-8FDC-42A3-9474-1A3956D46DE8}") = "tools", "tools", "{F50EEFB3-8AC3-45E3-B899-363C5948A781}"
EndProject
Project("{FAE04EC0-301F-11D3-BF4B-00C04F79EFBC}") = "OpenStore.Omnichannel.Tools", "tools\OpenStore.Omnichannel.Tools\OpenStore.Omnichannel.Tools.csproj", "{185F23A2-1140-4C86-A112-497203415A5B}"
EndProject
Project("{FAE04EC0-301F-11D3-BF4B-00C04F79EFBC}") = "OpenStore.Omnichannel.Storefront", "src\OpenStore.Omnichannel.Storefront\OpenStore.Omnichannel.Storefront.csproj", "{CE108ADB-01C0-425D-BF65-CEC6AC12065B}"
EndProject
Global
	GlobalSection(SolutionConfigurationPlatforms) = preSolution
		Debug|Any CPU = Debug|Any CPU
		Release|Any CPU = Release|Any CPU
	EndGlobalSection
	GlobalSection(NestedProjects) = preSolution
		{64D507E4-EEA0-4F01-A7C5-A100407868E9} = {73CDCE53-8C9B-4D33-AE02-BC18C01AE54F}
		{55DAB34A-9241-43DF-9BEA-72502C162BC0} = {73CDCE53-8C9B-4D33-AE02-BC18C01AE54F}
		{AB8B936D-924A-4430-9AA3-9F523D0A1875} = {73CDCE53-8C9B-4D33-AE02-BC18C01AE54F}
		{B87BA7E8-0778-4FA1-8377-F1BA827A0D43} = {AB8B936D-924A-4430-9AA3-9F523D0A1875}
		{BEFA76BE-3AC8-41AB-9819-C910F1FB9A5A} = {73CDCE53-8C9B-4D33-AE02-BC18C01AE54F}
		{6ADEBECB-BC89-46BE-B607-253F4E679FAF} = {BEFA76BE-3AC8-41AB-9819-C910F1FB9A5A}
		{3013B3D8-6676-47BC-8396-276111A475A6} = {73CDCE53-8C9B-4D33-AE02-BC18C01AE54F}
		{3436EDFF-C717-46D0-AD5F-10C79A5BE3EA} = {3013B3D8-6676-47BC-8396-276111A475A6}
		{4167F2F8-4FEC-4BBF-8890-25DEBF044792} = {3013B3D8-6676-47BC-8396-276111A475A6}
		{3A08BCD2-5C8F-4971-A2B8-A772D8313B81} = {3013B3D8-6676-47BC-8396-276111A475A6}
		{DFE913DE-D625-4F15-833A-50D15C52487D} = {584967D8-F0EF-47B0-B73C-021E594A95AF}
		{44DE1DDB-D77A-4036-852A-7480E01C24A1} = {584967D8-F0EF-47B0-B73C-021E594A95AF}
		{185F23A2-1140-4C86-A112-497203415A5B} = {F50EEFB3-8AC3-45E3-B899-363C5948A781}
		{CE108ADB-01C0-425D-BF65-CEC6AC12065B} = {73CDCE53-8C9B-4D33-AE02-BC18C01AE54F}
	EndGlobalSection
	GlobalSection(ProjectConfigurationPlatforms) = postSolution
		{64D507E4-EEA0-4F01-A7C5-A100407868E9}.Debug|Any CPU.ActiveCfg = Debug|Any CPU
		{64D507E4-EEA0-4F01-A7C5-A100407868E9}.Debug|Any CPU.Build.0 = Debug|Any CPU
		{64D507E4-EEA0-4F01-A7C5-A100407868E9}.Release|Any CPU.ActiveCfg = Release|Any CPU
		{64D507E4-EEA0-4F01-A7C5-A100407868E9}.Release|Any CPU.Build.0 = Release|Any CPU
		{55DAB34A-9241-43DF-9BEA-72502C162BC0}.Debug|Any CPU.ActiveCfg = Debug|Any CPU
		{55DAB34A-9241-43DF-9BEA-72502C162BC0}.Debug|Any CPU.Build.0 = Debug|Any CPU
		{55DAB34A-9241-43DF-9BEA-72502C162BC0}.Release|Any CPU.ActiveCfg = Release|Any CPU
		{55DAB34A-9241-43DF-9BEA-72502C162BC0}.Release|Any CPU.Build.0 = Release|Any CPU
		{6ADEBECB-BC89-46BE-B607-253F4E679FAF}.Debug|Any CPU.ActiveCfg = Debug|Any CPU
		{6ADEBECB-BC89-46BE-B607-253F4E679FAF}.Debug|Any CPU.Build.0 = Debug|Any CPU
		{6ADEBECB-BC89-46BE-B607-253F4E679FAF}.Release|Any CPU.ActiveCfg = Release|Any CPU
		{6ADEBECB-BC89-46BE-B607-253F4E679FAF}.Release|Any CPU.Build.0 = Release|Any CPU
		{B87BA7E8-0778-4FA1-8377-F1BA827A0D43}.Debug|Any CPU.ActiveCfg = Debug|Any CPU
		{B87BA7E8-0778-4FA1-8377-F1BA827A0D43}.Debug|Any CPU.Build.0 = Debug|Any CPU
		{B87BA7E8-0778-4FA1-8377-F1BA827A0D43}.Release|Any CPU.ActiveCfg = Release|Any CPU
		{B87BA7E8-0778-4FA1-8377-F1BA827A0D43}.Release|Any CPU.Build.0 = Release|Any CPU
		{3A08BCD2-5C8F-4971-A2B8-A772D8313B81}.Debug|Any CPU.ActiveCfg = Debug|Any CPU
		{3A08BCD2-5C8F-4971-A2B8-A772D8313B81}.Debug|Any CPU.Build.0 = Debug|Any CPU
		{3A08BCD2-5C8F-4971-A2B8-A772D8313B81}.Release|Any CPU.ActiveCfg = Release|Any CPU
		{3A08BCD2-5C8F-4971-A2B8-A772D8313B81}.Release|Any CPU.Build.0 = Release|Any CPU
		{3436EDFF-C717-46D0-AD5F-10C79A5BE3EA}.Debug|Any CPU.ActiveCfg = Debug|Any CPU
		{3436EDFF-C717-46D0-AD5F-10C79A5BE3EA}.Debug|Any CPU.Build.0 = Debug|Any CPU
		{3436EDFF-C717-46D0-AD5F-10C79A5BE3EA}.Release|Any CPU.ActiveCfg = Release|Any CPU
		{3436EDFF-C717-46D0-AD5F-10C79A5BE3EA}.Release|Any CPU.Build.0 = Release|Any CPU
		{4167F2F8-4FEC-4BBF-8890-25DEBF044792}.Debug|Any CPU.ActiveCfg = Debug|Any CPU
		{4167F2F8-4FEC-4BBF-8890-25DEBF044792}.Debug|Any CPU.Build.0 = Debug|Any CPU
		{4167F2F8-4FEC-4BBF-8890-25DEBF044792}.Release|Any CPU.ActiveCfg = Release|Any CPU
		{4167F2F8-4FEC-4BBF-8890-25DEBF044792}.Release|Any CPU.Build.0 = Release|Any CPU
		{DFE913DE-D625-4F15-833A-50D15C52487D}.Debug|Any CPU.ActiveCfg = Debug|Any CPU
		{DFE913DE-D625-4F15-833A-50D15C52487D}.Debug|Any CPU.Build.0 = Debug|Any CPU
		{DFE913DE-D625-4F15-833A-50D15C52487D}.Release|Any CPU.ActiveCfg = Release|Any CPU
		{DFE913DE-D625-4F15-833A-50D15C52487D}.Release|Any CPU.Build.0 = Release|Any CPU
		{44DE1DDB-D77A-4036-852A-7480E01C24A1}.Debug|Any CPU.ActiveCfg = Debug|Any CPU
		{44DE1DDB-D77A-4036-852A-7480E01C24A1}.Debug|Any CPU.Build.0 = Debug|Any CPU
		{44DE1DDB-D77A-4036-852A-7480E01C24A1}.Release|Any CPU.ActiveCfg = Release|Any CPU
		{44DE1DDB-D77A-4036-852A-7480E01C24A1}.Release|Any CPU.Build.0 = Release|Any CPU
		{185F23A2-1140-4C86-A112-497203415A5B}.Debug|Any CPU.ActiveCfg = Debug|Any CPU
		{185F23A2-1140-4C86-A112-497203415A5B}.Debug|Any CPU.Build.0 = Debug|Any CPU
		{185F23A2-1140-4C86-A112-497203415A5B}.Release|Any CPU.ActiveCfg = Release|Any CPU
		{185F23A2-1140-4C86-A112-497203415A5B}.Release|Any CPU.Build.0 = Release|Any CPU
		{CE108ADB-01C0-425D-BF65-CEC6AC12065B}.Debug|Any CPU.ActiveCfg = Debug|Any CPU
		{CE108ADB-01C0-425D-BF65-CEC6AC12065B}.Debug|Any CPU.Build.0 = Debug|Any CPU
		{CE108ADB-01C0-425D-BF65-CEC6AC12065B}.Release|Any CPU.ActiveCfg = Release|Any CPU
		{CE108ADB-01C0-425D-BF65-CEC6AC12065B}.Release|Any CPU.Build.0 = Release|Any CPU
	EndGlobalSection
EndGlobal
